
Microsoft Visual Studio Solution File, Format Version 12.00
# Visual Studio 2012
Project("{FAE04EC0-301F-11D3-BF4B-00C04F79EFBC}") = "Radiornek", "Radiornek\Radiornek.csproj", "{C30F307A-4695-4284-8C3C-6071AE4DC1FB}"
EndProject
Global
	GlobalSection(SolutionConfigurationPlatforms) = preSolution
		Debug|Any CPU = Debug|Any CPU
		Release|Any CPU = Release|Any CPU
	EndGlobalSection
	GlobalSection(ProjectConfigurationPlatforms) = postSolution
		{C30F307A-4695-4284-8C3C-6071AE4DC1FB}.Debug|Any CPU.ActiveCfg = Debug|Any CPU
		{C30F307A-4695-4284-8C3C-6071AE4DC1FB}.Debug|Any CPU.Build.0 = Debug|Any CPU
		{C30F307A-4695-4284-8C3C-6071AE4DC1FB}.Release|Any CPU.ActiveCfg = Release|Any CPU
		{C30F307A-4695-4284-8C3C-6071AE4DC1FB}.Release|Any CPU.Build.0 = Release|Any CPU
	EndGlobalSection
	GlobalSection(SolutionProperties) = preSolution
		HideSolutionNode = FALSE
	EndGlobalSection
EndGlobal
